
Microsoft Visual Studio Solution File, Format Version 12.00
# Visual Studio Version 17
VisualStudioVersion = 17.11.35208.52
MinimumVisualStudioVersion = 10.0.40219.1
Project("{FAE04EC0-301F-11D3-BF4B-00C04F79EFBC}") = "Storing_and_Sorting_Star_Wars_Planets", "Storing_and_Sorting_Star_Wars_Planets\Storing_and_Sorting_Star_Wars_Planets.csproj", "{81ADC269-ADE9-4C1B-81B3-9CC1BD08B1B9}"
EndProject
Global
	GlobalSection(SolutionConfigurationPlatforms) = preSolution
		Debug|Any CPU = Debug|Any CPU
		Release|Any CPU = Release|Any CPU
	EndGlobalSection
	GlobalSection(ProjectConfigurationPlatforms) = postSolution
		{81ADC269-ADE9-4C1B-81B3-9CC1BD08B1B9}.Debug|Any CPU.ActiveCfg = Debug|Any CPU
		{81ADC269-ADE9-4C1B-81B3-9CC1BD08B1B9}.Debug|Any CPU.Build.0 = Debug|Any CPU
		{81ADC269-ADE9-4C1B-81B3-9CC1BD08B1B9}.Release|Any CPU.ActiveCfg = Release|Any CPU
		{81ADC269-ADE9-4C1B-81B3-9CC1BD08B1B9}.Release|Any CPU.Build.0 = Release|Any CPU
	EndGlobalSection
	GlobalSection(SolutionProperties) = preSolution
		HideSolutionNode = FALSE
	EndGlobalSection
	GlobalSection(ExtensibilityGlobals) = postSolution
		SolutionGuid = {DAC6A047-42FA-4FBF-B684-709BFBBE6938}
	EndGlobalSection
EndGlobal
